
Microsoft Visual Studio Solution File, Format Version 12.00
# Visual Studio Version 16
VisualStudioVersion = 16.6.30114.105
MinimumVisualStudioVersion = 10.0.40219.1
Project("{FAE04EC0-301F-11D3-BF4B-00C04F79EFBC}") = "API", "API\API.csproj", "{D54AF94B-E41C-4B93-B932-11113FB0B627}"
EndProject
Project("{FAE04EC0-301F-11D3-BF4B-00C04F79EFBC}") = "Application", "Application\Application.csproj", "{58033737-0EF3-4FF9-96CB-733C317D0A9D}"
EndProject
Project("{FAE04EC0-301F-11D3-BF4B-00C04F79EFBC}") = "Persistence", "Persistence\Persistence.csproj", "{D6BD9D6F-DD21-446D-801A-6EF7E3C33D99}"
EndProject
Project("{FAE04EC0-301F-11D3-BF4B-00C04F79EFBC}") = "Domain", "Domain\Domain.csproj", "{A39810CC-EE57-49A1-BB52-6F89C2D05980}"
EndProject
Global
	GlobalSection(SolutionConfigurationPlatforms) = preSolution
		Debug|Any CPU = Debug|Any CPU
		Debug|x64 = Debug|x64
		Debug|x86 = Debug|x86
		Release|Any CPU = Release|Any CPU
		Release|x64 = Release|x64
		Release|x86 = Release|x86
	EndGlobalSection
	GlobalSection(SolutionProperties) = preSolution
		HideSolutionNode = FALSE
	EndGlobalSection
	GlobalSection(ProjectConfigurationPlatforms) = postSolution
		{D54AF94B-E41C-4B93-B932-11113FB0B627}.Debug|Any CPU.ActiveCfg = Debug|Any CPU
		{D54AF94B-E41C-4B93-B932-11113FB0B627}.Debug|Any CPU.Build.0 = Debug|Any CPU
		{D54AF94B-E41C-4B93-B932-11113FB0B627}.Debug|x64.ActiveCfg = Debug|Any CPU
		{D54AF94B-E41C-4B93-B932-11113FB0B627}.Debug|x64.Build.0 = Debug|Any CPU
		{D54AF94B-E41C-4B93-B932-11113FB0B627}.Debug|x86.ActiveCfg = Debug|Any CPU
		{D54AF94B-E41C-4B93-B932-11113FB0B627}.Debug|x86.Build.0 = Debug|Any CPU
		{D54AF94B-E41C-4B93-B932-11113FB0B627}.Release|Any CPU.ActiveCfg = Release|Any CPU
		{D54AF94B-E41C-4B93-B932-11113FB0B627}.Release|Any CPU.Build.0 = Release|Any CPU
		{D54AF94B-E41C-4B93-B932-11113FB0B627}.Release|x64.ActiveCfg = Release|Any CPU
		{D54AF94B-E41C-4B93-B932-11113FB0B627}.Release|x64.Build.0 = Release|Any CPU
		{D54AF94B-E41C-4B93-B932-11113FB0B627}.Release|x86.ActiveCfg = Release|Any CPU
		{D54AF94B-E41C-4B93-B932-11113FB0B627}.Release|x86.Build.0 = Release|Any CPU
		{58033737-0EF3-4FF9-96CB-733C317D0A9D}.Debug|Any CPU.ActiveCfg = Debug|Any CPU
		{58033737-0EF3-4FF9-96CB-733C317D0A9D}.Debug|Any CPU.Build.0 = Debug|Any CPU
		{58033737-0EF3-4FF9-96CB-733C317D0A9D}.Debug|x64.ActiveCfg = Debug|Any CPU
		{58033737-0EF3-4FF9-96CB-733C317D0A9D}.Debug|x64.Build.0 = Debug|Any CPU
		{58033737-0EF3-4FF9-96CB-733C317D0A9D}.Debug|x86.ActiveCfg = Debug|Any CPU
		{58033737-0EF3-4FF9-96CB-733C317D0A9D}.Debug|x86.Build.0 = Debug|Any CPU
		{58033737-0EF3-4FF9-96CB-733C317D0A9D}.Release|Any CPU.ActiveCfg = Release|Any CPU
		{58033737-0EF3-4FF9-96CB-733C317D0A9D}.Release|Any CPU.Build.0 = Release|Any CPU
		{58033737-0EF3-4FF9-96CB-733C317D0A9D}.Release|x64.ActiveCfg = Release|Any CPU
		{58033737-0EF3-4FF9-96CB-733C317D0A9D}.Release|x64.Build.0 = Release|Any CPU
		{58033737-0EF3-4FF9-96CB-733C317D0A9D}.Release|x86.ActiveCfg = Release|Any CPU
		{58033737-0EF3-4FF9-96CB-733C317D0A9D}.Release|x86.Build.0 = Release|Any CPU
		{D6BD9D6F-DD21-446D-801A-6EF7E3C33D99}.Debug|Any CPU.ActiveCfg = Debug|Any CPU
		{D6BD9D6F-DD21-446D-801A-6EF7E3C33D99}.Debug|Any CPU.Build.0 = Debug|Any CPU
		{D6BD9D6F-DD21-446D-801A-6EF7E3C33D99}.Debug|x64.ActiveCfg = Debug|Any CPU
		{D6BD9D6F-DD21-446D-801A-6EF7E3C33D99}.Debug|x64.Build.0 = Debug|Any CPU
		{D6BD9D6F-DD21-446D-801A-6EF7E3C33D99}.Debug|x86.ActiveCfg = Debug|Any CPU
		{D6BD9D6F-DD21-446D-801A-6EF7E3C33D99}.Debug|x86.Build.0 = Debug|Any CPU
		{D6BD9D6F-DD21-446D-801A-6EF7E3C33D99}.Release|Any CPU.ActiveCfg = Release|Any CPU
		{D6BD9D6F-DD21-446D-801A-6EF7E3C33D99}.Release|Any CPU.Build.0 = Release|Any CPU
		{D6BD9D6F-DD21-446D-801A-6EF7E3C33D99}.Release|x64.ActiveCfg = Release|Any CPU
		{D6BD9D6F-DD21-446D-801A-6EF7E3C33D99}.Release|x64.Build.0 = Release|Any CPU
		{D6BD9D6F-DD21-446D-801A-6EF7E3C33D99}.Release|x86.ActiveCfg = Release|Any CPU
		{D6BD9D6F-DD21-446D-801A-6EF7E3C33D99}.Release|x86.Build.0 = Release|Any CPU
		{A39810CC-EE57-49A1-BB52-6F89C2D05980}.Debug|Any CPU.ActiveCfg = Debug|Any CPU
		{A39810CC-EE57-49A1-BB52-6F89C2D05980}.Debug|Any CPU.Build.0 = Debug|Any CPU
		{A39810CC-EE57-49A1-BB52-6F89C2D05980}.Debug|x64.ActiveCfg = Debug|Any CPU
		{A39810CC-EE57-49A1-BB52-6F89C2D05980}.Debug|x64.Build.0 = Debug|Any CPU
		{A39810CC-EE57-49A1-BB52-6F89C2D05980}.Debug|x86.ActiveCfg = Debug|Any CPU
		{A39810CC-EE57-49A1-BB52-6F89C2D05980}.Debug|x86.Build.0 = Debug|Any CPU
		{A39810CC-EE57-49A1-BB52-6F89C2D05980}.Release|Any CPU.ActiveCfg = Release|Any CPU
		{A39810CC-EE57-49A1-BB52-6F89C2D05980}.Release|Any CPU.Build.0 = Release|Any CPU
		{A39810CC-EE57-49A1-BB52-6F89C2D05980}.Release|x64.ActiveCfg = Release|Any CPU
		{A39810CC-EE57-49A1-BB52-6F89C2D05980}.Release|x64.Build.0 = Release|Any CPU
		{A39810CC-EE57-49A1-BB52-6F89C2D05980}.Release|x86.ActiveCfg = Release|Any CPU
		{A39810CC-EE57-49A1-BB52-6F89C2D05980}.Release|x86.Build.0 = Release|Any CPU
	EndGlobalSection
EndGlobal
